
Microsoft Visual Studio Solution File, Format Version 12.00
# Visual Studio 15
VisualStudioVersion = 15.0.28307.271
MinimumVisualStudioVersion = 10.0.40219.1
Project("{FAE04EC0-301F-11D3-BF4B-00C04F79EFBC}") = "IOT", "IOT\IOT.csproj", "{900769EC-A582-4C08-A436-A713FE7A2247}"
EndProject
Global
	GlobalSection(SolutionConfigurationPlatforms) = preSolution
		Debug|Any CPU = Debug|Any CPU
		Release|Any CPU = Release|Any CPU
	EndGlobalSection
	GlobalSection(ProjectConfigurationPlatforms) = postSolution
		{900769EC-A582-4C08-A436-A713FE7A2247}.Debug|Any CPU.ActiveCfg = Debug|Any CPU
		{900769EC-A582-4C08-A436-A713FE7A2247}.Debug|Any CPU.Build.0 = Debug|Any CPU
		{900769EC-A582-4C08-A436-A713FE7A2247}.Release|Any CPU.ActiveCfg = Release|Any CPU
		{900769EC-A582-4C08-A436-A713FE7A2247}.Release|Any CPU.Build.0 = Release|Any CPU
	EndGlobalSection
	GlobalSection(SolutionProperties) = preSolution
		HideSolutionNode = FALSE
	EndGlobalSection
	GlobalSection(ExtensibilityGlobals) = postSolution
		SolutionGuid = {6C6801A5-041B-4663-BE00-37AAAC04BBEE}
	EndGlobalSection
EndGlobal
